
Microsoft Visual Studio Solution File, Format Version 12.00
# Visual Studio 15
VisualStudioVersion = 15.0.28307.421
MinimumVisualStudioVersion = 10.0.40219.1
Project("{FAE04EC0-301F-11D3-BF4B-00C04F79EFBC}") = "PizzaHashCode", "PizzaHashCode\PizzaHashCode.csproj", "{AC968524-2A83-4018-983C-2F088E7557FB}"
EndProject
Global
	GlobalSection(SolutionConfigurationPlatforms) = preSolution
		Debug|Any CPU = Debug|Any CPU
		Release|Any CPU = Release|Any CPU
	EndGlobalSection
	GlobalSection(ProjectConfigurationPlatforms) = postSolution
		{AC968524-2A83-4018-983C-2F088E7557FB}.Debug|Any CPU.ActiveCfg = Debug|Any CPU
		{AC968524-2A83-4018-983C-2F088E7557FB}.Debug|Any CPU.Build.0 = Debug|Any CPU
		{AC968524-2A83-4018-983C-2F088E7557FB}.Release|Any CPU.ActiveCfg = Release|Any CPU
		{AC968524-2A83-4018-983C-2F088E7557FB}.Release|Any CPU.Build.0 = Release|Any CPU
	EndGlobalSection
	GlobalSection(SolutionProperties) = preSolution
		HideSolutionNode = FALSE
	EndGlobalSection
	GlobalSection(ExtensibilityGlobals) = postSolution
		SolutionGuid = {F9A2B5A7-CAD0-4CCC-860C-C3477A2FC780}
	EndGlobalSection
EndGlobal
